
Microsoft Visual Studio Solution File, Format Version 12.00
# Visual Studio Version 17
VisualStudioVersion = 17.4.33213.308
MinimumVisualStudioVersion = 10.0.40219.1
Project("{9A19103F-16F7-4668-BE54-9A1E7A4F7556}") = "WebApp", "GameLibrary\WebApp.csproj", "{86A3B06A-6830-43D4-9047-239CE182ABF5}"
EndProject
Project("{9A19103F-16F7-4668-BE54-9A1E7A4F7556}") = "DataLayer", "DataLayer\DataLayer.csproj", "{303D2EED-6C85-464A-B46C-6A2EE2567275}"
EndProject
Project("{9A19103F-16F7-4668-BE54-9A1E7A4F7556}") = "LogicLayer", "LogicLayer\LogicLayer.csproj", "{3DAA29E1-9A35-4D2C-97E5-A4827D2EAF92}"
EndProject
Project("{9A19103F-16F7-4668-BE54-9A1E7A4F7556}") = "Factory", "Factory\Factory.csproj", "{5CF959DC-CB7D-47F7-8527-EACA5B637F59}"
EndProject
Project("{FAE04EC0-301F-11D3-BF4B-00C04F79EFBC}") = "Forms", "Forms\Forms.csproj", "{1A1CEEEA-B6DC-4C53-84AD-11D8DE287056}"
EndProject
Global
	GlobalSection(SolutionConfigurationPlatforms) = preSolution
		Debug|Any CPU = Debug|Any CPU
		Release|Any CPU = Release|Any CPU
	EndGlobalSection
	GlobalSection(ProjectConfigurationPlatforms) = postSolution
		{86A3B06A-6830-43D4-9047-239CE182ABF5}.Debug|Any CPU.ActiveCfg = Debug|Any CPU
		{86A3B06A-6830-43D4-9047-239CE182ABF5}.Debug|Any CPU.Build.0 = Debug|Any CPU
		{86A3B06A-6830-43D4-9047-239CE182ABF5}.Release|Any CPU.ActiveCfg = Release|Any CPU
		{86A3B06A-6830-43D4-9047-239CE182ABF5}.Release|Any CPU.Build.0 = Release|Any CPU
		{303D2EED-6C85-464A-B46C-6A2EE2567275}.Debug|Any CPU.ActiveCfg = Debug|Any CPU
		{303D2EED-6C85-464A-B46C-6A2EE2567275}.Debug|Any CPU.Build.0 = Debug|Any CPU
		{303D2EED-6C85-464A-B46C-6A2EE2567275}.Release|Any CPU.ActiveCfg = Release|Any CPU
		{303D2EED-6C85-464A-B46C-6A2EE2567275}.Release|Any CPU.Build.0 = Release|Any CPU
		{3DAA29E1-9A35-4D2C-97E5-A4827D2EAF92}.Debug|Any CPU.ActiveCfg = Debug|Any CPU
		{3DAA29E1-9A35-4D2C-97E5-A4827D2EAF92}.Debug|Any CPU.Build.0 = Debug|Any CPU
		{3DAA29E1-9A35-4D2C-97E5-A4827D2EAF92}.Release|Any CPU.ActiveCfg = Release|Any CPU
		{3DAA29E1-9A35-4D2C-97E5-A4827D2EAF92}.Release|Any CPU.Build.0 = Release|Any CPU
		{5CF959DC-CB7D-47F7-8527-EACA5B637F59}.Debug|Any CPU.ActiveCfg = Debug|Any CPU
		{5CF959DC-CB7D-47F7-8527-EACA5B637F59}.Debug|Any CPU.Build.0 = Debug|Any CPU
		{5CF959DC-CB7D-47F7-8527-EACA5B637F59}.Release|Any CPU.ActiveCfg = Release|Any CPU
		{5CF959DC-CB7D-47F7-8527-EACA5B637F59}.Release|Any CPU.Build.0 = Release|Any CPU
		{1A1CEEEA-B6DC-4C53-84AD-11D8DE287056}.Debug|Any CPU.ActiveCfg = Debug|Any CPU
		{1A1CEEEA-B6DC-4C53-84AD-11D8DE287056}.Debug|Any CPU.Build.0 = Debug|Any CPU
		{1A1CEEEA-B6DC-4C53-84AD-11D8DE287056}.Release|Any CPU.ActiveCfg = Release|Any CPU
		{1A1CEEEA-B6DC-4C53-84AD-11D8DE287056}.Release|Any CPU.Build.0 = Release|Any CPU
	EndGlobalSection
	GlobalSection(SolutionProperties) = preSolution
		HideSolutionNode = FALSE
	EndGlobalSection
	GlobalSection(ExtensibilityGlobals) = postSolution
		SolutionGuid = {1B9AD3BC-C152-4519-97D8-30D73AC91DAD}
	EndGlobalSection
EndGlobal
