
Microsoft Visual Studio Solution File, Format Version 12.00
# Visual Studio Version 17
VisualStudioVersion = 17.4.33213.308
MinimumVisualStudioVersion = 10.0.40219.1
Project("{9A19103F-16F7-4668-BE54-9A1E7A4F7556}") = "GamesLibrary_WebApplication", "GamesLibrary_WebApplication\GamesLibrary_WebApplication.csproj", "{2CC28E70-BC9F-4929-9DBC-B20DBA06C029}"
EndProject
Project("{FAE04EC0-301F-11D3-BF4B-00C04F79EFBC}") = "Games_Library", "Games_Library\Games_Library.csproj", "{D33EF4A6-7B75-439A-B485-31943D47D2DB}"
EndProject
Global
	GlobalSection(SolutionConfigurationPlatforms) = preSolution
		Debug|Any CPU = Debug|Any CPU
		Release|Any CPU = Release|Any CPU
	EndGlobalSection
	GlobalSection(ProjectConfigurationPlatforms) = postSolution
		{2CC28E70-BC9F-4929-9DBC-B20DBA06C029}.Debug|Any CPU.ActiveCfg = Debug|Any CPU
		{2CC28E70-BC9F-4929-9DBC-B20DBA06C029}.Debug|Any CPU.Build.0 = Debug|Any CPU
		{2CC28E70-BC9F-4929-9DBC-B20DBA06C029}.Release|Any CPU.ActiveCfg = Release|Any CPU
		{2CC28E70-BC9F-4929-9DBC-B20DBA06C029}.Release|Any CPU.Build.0 = Release|Any CPU
		{D33EF4A6-7B75-439A-B485-31943D47D2DB}.Debug|Any CPU.ActiveCfg = Debug|Any CPU
		{D33EF4A6-7B75-439A-B485-31943D47D2DB}.Debug|Any CPU.Build.0 = Debug|Any CPU
		{D33EF4A6-7B75-439A-B485-31943D47D2DB}.Release|Any CPU.ActiveCfg = Release|Any CPU
		{D33EF4A6-7B75-439A-B485-31943D47D2DB}.Release|Any CPU.Build.0 = Release|Any CPU
	EndGlobalSection
	GlobalSection(SolutionProperties) = preSolution
		HideSolutionNode = FALSE
	EndGlobalSection
	GlobalSection(ExtensibilityGlobals) = postSolution
		SolutionGuid = {7834ED8C-E5D3-4E8A-AA05-EEE186171531}
	EndGlobalSection
EndGlobal
